{
  "version": 4,
  "terraform_version": "1.4.6",
  "serial": 39,
  "lineage": "6206267c-d555-5715-a05b-f77fbaad9f71",
  "outputs": {},
  "resources": [
    {
      "module": "module.cloud_sql",
      "mode": "managed",
      "type": "google_sql_database",
      "name": "my_database",
      "provider": "provider[\"registry.terraform.io/hashicorp/google\"]",
      "instances": [
        {
          "schema_version": 0,
          "attributes": {
            "charset": "utf8mb4",
            "collation": "utf8mb4_0900_ai_ci",
            "deletion_policy": "DELETE",
            "id": "projects/workshop-project-0606/instances/workshop-instance/databases/practice-dataset",
            "instance": "workshop-instance",
            "name": "practice-dataset",
            "project": "workshop-project-0606",
            "self_link": "https://sqladmin.googleapis.com/sql/v1beta4/projects/workshop-project-0606/instances/workshop-instance/databases/practice-dataset",
            "timeouts": null
          },
          "sensitive_attributes": [],
          "private": "eyJlMmJmYjczMC1lY2FhLTExZTYtOGY4OC0zNDM2M2JjN2M0YzAiOnsiY3JlYXRlIjoxMjAwMDAwMDAwMDAwLCJkZWxldGUiOjEyMDAwMDAwMDAwMDAsInVwZGF0ZSI6MTIwMDAwMDAwMDAwMH19",
          "dependencies": [
            "module.cloud_sql.google_sql_database_instance.my_sql_instance"
          ]
        }
      ]
    },
    {
      "module": "module.cloud_sql",
      "mode": "managed",
      "type": "google_sql_database_instance",
      "name": "my_sql_instance",
      "provider": "provider[\"registry.terraform.io/hashicorp/google\"]",
      "instances": [
        {
          "schema_version": 0,
          "attributes": {
            "available_maintenance_versions": [],
            "clone": [],
            "connection_name": "workshop-project-0606:us-central1:workshop-instance",
            "database_version": "MYSQL_8_0",
            "deletion_protection": true,
            "encryption_key_name": null,
            "first_ip_address": "34.29.204.171",
            "id": "workshop-instance",
            "instance_type": "CLOUD_SQL_INSTANCE",
            "ip_address": [
              {
                "ip_address": "34.29.204.171",
                "time_to_retire": "",
                "type": "PRIMARY"
              }
            ],
            "maintenance_version": "MYSQL_8_0_26.R20230314.03_06",
            "master_instance_name": "",
            "name": "workshop-instance",
            "private_ip_address": "",
            "project": "workshop-project-0606",
            "public_ip_address": "34.29.204.171",
            "region": "us-central1",
            "replica_configuration": [],
            "restore_backup_context": [],
            "root_password": null,
            "self_link": "https://sqladmin.googleapis.com/sql/v1beta4/projects/workshop-project-0606/instances/workshop-instance",
            "server_ca_cert": [
              {
                "cert": "-----BEGIN CERTIFICATE-----\nMIIDfzCCAmegAwIBAgIBADANBgkqhkiG9w0BAQsFADB3MS0wKwYDVQQuEyQ2MjM4\nZGY2YS1mOWYzLTQ4OTktYjY2My0xZTdkM2E5YjY2MzUxIzAhBgNVBAMTGkdvb2ds\nZSBDbG91ZCBTUUwgU2VydmVyIENBMRQwEgYDVQQKEwtHb29nbGUsIEluYzELMAkG\nA1UEBhMCVVMwHhcNMjMwNjEyMDk1MjE5WhcNMzMwNjA5MDk1MzE5WjB3MS0wKwYD\nVQQuEyQ2MjM4ZGY2YS1mOWYzLTQ4OTktYjY2My0xZTdkM2E5YjY2MzUxIzAhBgNV\nBAMTGkdvb2dsZSBDbG91ZCBTUUwgU2VydmVyIENBMRQwEgYDVQQKEwtHb29nbGUs\nIEluYzELMAkGA1UEBhMCVVMwggEiMA0GCSqGSIb3DQEBAQUAA4IBDwAwggEKAoIB\nAQCz5jBHdgjMmnv/PxiA/Jpd3lPUzAlugzzZLKe0nXJQ08AuV9vFcWnUAX859smt\nLlxodSxnd6NSxcQfAz+zKpIpg6aJhtJz5XUTGbuYNs5SDN/9dMfL4kLzD8xWKZn0\nR/xW3x8MjstgpGP/WGF9ivCk7GF/9JAPCIV28IeeK+JsAeGfcu5C3K8dRoEKDWiq\n2qb5mYX2Xm6IROr/gwZR0hHpRHsX/ZXS0GgsZma8N+ArsWFy6qDaYW3Jkk6PNVm0\n7ZLY1c8r2p/VLuxcOpF2OKytNhNGHdXQJS44X7AqmeRSrxTpR7RGiHf8qdzp02Lt\nAjAGHqIkjavFI/7V7YVQflJHAgMBAAGjFjAUMBIGA1UdEwEB/wQIMAYBAf8CAQAw\nDQYJKoZIhvcNAQELBQADggEBAH2uq42+roxlhw5lZaTGTL5y5nd7Zf+46JFbxTJI\nd9X4ttuA5um+F1a4+0v8BH/AJ+O4Yn7MqAgvw9J4ES9FjVMBIpatQ7UOkraYPBq4\nIlN9y8OOKZmPLnJQarJYffo8J547MKYhzdYHNfj+S7XQ7DpZEpL8ZHJ43i5ftLKq\niDhbRHbwHC7ilFtqzYhbrOfcX1TxWDb2j+mkhsU3iEndpegjFO5IPyfPW0ppCvcA\nGsj1wff9yXO8vDk6oBpao2pjPuQ4DWmCZYtcp/4D9wBGlsqroPn6gzmSrqn4zqhP\njezEAawRIH/9zFyWEebh6EPO45Z3WWqtF027pIRJ5Q2n8zE=\n-----END CERTIFICATE-----",
                "common_name": "C=US,O=Google\\, Inc,CN=Google Cloud SQL Server CA,dnQualifier=6238df6a-f9f3-4899-b663-1e7d3a9b6635",
                "create_time": "2023-06-12T09:52:19.201Z",
                "expiration_time": "2033-06-09T09:53:19.201Z",
                "sha1_fingerprint": "c7890a5851aff680ae704854f16f26fa1533fca8"
              }
            ],
            "service_account_email_address": "p604277961190-zgblj7@gcp-sa-cloud-sql.iam.gserviceaccount.com",
            "settings": [
              {
                "activation_policy": "ALWAYS",
                "active_directory_config": [],
                "advanced_machine_features": [],
                "availability_type": "ZONAL",
                "backup_configuration": [
                  {
                    "backup_retention_settings": [
                      {
                        "retained_backups": 7,
                        "retention_unit": "COUNT"
                      }
                    ],
                    "binary_log_enabled": false,
                    "enabled": false,
                    "location": "",
                    "point_in_time_recovery_enabled": false,
                    "start_time": "03:00",
                    "transaction_log_retention_days": 7
                  }
                ],
                "collation": "",
                "connector_enforcement": "NOT_REQUIRED",
                "database_flags": [],
                "deletion_protection_enabled": false,
                "deny_maintenance_period": [],
                "disk_autoresize": true,
                "disk_autoresize_limit": 0,
                "disk_size": 10,
                "disk_type": "PD_SSD",
                "insights_config": [],
                "ip_configuration": [
                  {
                    "allocated_ip_range": "",
                    "authorized_networks": [],
                    "enable_private_path_for_google_cloud_services": false,
                    "ipv4_enabled": true,
                    "private_network": "",
                    "require_ssl": false
                  }
                ],
                "location_preference": [
                  {
                    "follow_gae_application": "",
                    "secondary_zone": "",
                    "zone": "us-central1-b"
                  }
                ],
                "maintenance_window": [],
                "password_validation_policy": [],
                "pricing_plan": "PER_USE",
                "sql_server_audit_config": [],
                "tier": "db-custom-2-4096",
                "time_zone": "",
                "user_labels": {},
                "version": 1
              }
            ],
            "timeouts": null
          },
          "sensitive_attributes": [],
          "private": "eyJlMmJmYjczMC1lY2FhLTExZTYtOGY4OC0zNDM2M2JjN2M0YzAiOnsiY3JlYXRlIjoyNDAwMDAwMDAwMDAwLCJkZWxldGUiOjE4MDAwMDAwMDAwMDAsInVwZGF0ZSI6MTgwMDAwMDAwMDAwMH19"
        }
      ]
    },
    {
      "module": "module.iam[\"gurbanipradeep@gmail.com\"]",
      "mode": "managed",
      "type": "google_project_iam_member",
      "name": "workshop_participants",
      "provider": "provider[\"registry.terraform.io/hashicorp/google\"]",
      "instances": [
        {
          "index_key": "projects/workshop-project-0606/roles/custom_role",
          "schema_version": 0,
          "attributes": {
            "condition": [],
            "etag": "BwX96Nqd7qg=",
            "id": "workshop-project-0606/projects/workshop-project-0606/roles/custom_role/user:gurbanipradeep@gmail.com",
            "member": "user:gurbanipradeep@gmail.com",
            "project": "workshop-project-0606",
            "role": "projects/workshop-project-0606/roles/custom_role"
          },
          "sensitive_attributes": [],
          "private": "bnVsbA=="
        },
        {
          "index_key": "roles/bigquery.admin",
          "schema_version": 0,
          "attributes": {
            "condition": [],
            "etag": "BwX96Nqd7qg=",
            "id": "workshop-project-0606/roles/bigquery.admin/user:gurbanipradeep@gmail.com",
            "member": "user:gurbanipradeep@gmail.com",
            "project": "workshop-project-0606",
            "role": "roles/bigquery.admin"
          },
          "sensitive_attributes": [],
          "private": "bnVsbA=="
        },
        {
          "index_key": "roles/bigquery.dataViewer",
          "schema_version": 0,
          "attributes": {
            "condition": [],
            "etag": "BwX96Nqd7qg=",
            "id": "workshop-project-0606/roles/bigquery.dataViewer/user:gurbanipradeep@gmail.com",
            "member": "user:gurbanipradeep@gmail.com",
            "project": "workshop-project-0606",
            "role": "roles/bigquery.dataViewer"
          },
          "sensitive_attributes": [],
          "private": "bnVsbA=="
        },
        {
          "index_key": "roles/cloudfunctions.developer",
          "schema_version": 0,
          "attributes": {
            "condition": [],
            "etag": "BwX96Nqd7qg=",
            "id": "workshop-project-0606/roles/cloudfunctions.developer/user:gurbanipradeep@gmail.com",
            "member": "user:gurbanipradeep@gmail.com",
            "project": "workshop-project-0606",
            "role": "roles/cloudfunctions.developer"
          },
          "sensitive_attributes": [],
          "private": "bnVsbA=="
        },
        {
          "index_key": "roles/cloudsql.editor",
          "schema_version": 0,
          "attributes": {
            "condition": [],
            "etag": "BwX96Nqd7qg=",
            "id": "workshop-project-0606/roles/cloudsql.editor/user:gurbanipradeep@gmail.com",
            "member": "user:gurbanipradeep@gmail.com",
            "project": "workshop-project-0606",
            "role": "roles/cloudsql.editor"
          },
          "sensitive_attributes": [],
          "private": "bnVsbA=="
        },
        {
          "index_key": "roles/compute.viewer",
          "schema_version": 0,
          "attributes": {
            "condition": [],
            "etag": "BwX96Nqd7qg=",
            "id": "workshop-project-0606/roles/compute.viewer/user:gurbanipradeep@gmail.com",
            "member": "user:gurbanipradeep@gmail.com",
            "project": "workshop-project-0606",
            "role": "roles/compute.viewer"
          },
          "sensitive_attributes": [],
          "private": "bnVsbA=="
        },
        {
          "index_key": "roles/datastore.user",
          "schema_version": 0,
          "attributes": {
            "condition": [],
            "etag": "BwX96Nqd7qg=",
            "id": "workshop-project-0606/roles/datastore.user/user:gurbanipradeep@gmail.com",
            "member": "user:gurbanipradeep@gmail.com",
            "project": "workshop-project-0606",
            "role": "roles/datastore.user"
          },
          "sensitive_attributes": [],
          "private": "bnVsbA=="
        },
        {
          "index_key": "roles/iap.tunnelResourceAccessor",
          "schema_version": 0,
          "attributes": {
            "condition": [],
            "etag": "BwX96Nqd7qg=",
            "id": "workshop-project-0606/roles/iap.tunnelResourceAccessor/user:gurbanipradeep@gmail.com",
            "member": "user:gurbanipradeep@gmail.com",
            "project": "workshop-project-0606",
            "role": "roles/iap.tunnelResourceAccessor"
          },
          "sensitive_attributes": [],
          "private": "bnVsbA=="
        },
        {
          "index_key": "roles/pubsub.editor",
          "schema_version": 0,
          "attributes": {
            "condition": [],
            "etag": "BwX96Nqd7qg=",
            "id": "workshop-project-0606/roles/pubsub.editor/user:gurbanipradeep@gmail.com",
            "member": "user:gurbanipradeep@gmail.com",
            "project": "workshop-project-0606",
            "role": "roles/pubsub.editor"
          },
          "sensitive_attributes": [],
          "private": "bnVsbA=="
        },
        {
          "index_key": "roles/storage.admin",
          "schema_version": 0,
          "attributes": {
            "condition": [],
            "etag": "BwX96Nqd7qg=",
            "id": "workshop-project-0606/roles/storage.admin/user:gurbanipradeep@gmail.com",
            "member": "user:gurbanipradeep@gmail.com",
            "project": "workshop-project-0606",
            "role": "roles/storage.admin"
          },
          "sensitive_attributes": [],
          "private": "bnVsbA=="
        }
      ]
    }
  ],
  "check_results": null
}
